
Microsoft Visual Studio Solution File, Format Version 12.00
# Visual Studio Version 16
VisualStudioVersion = 16.0.31313.79
MinimumVisualStudioVersion = 10.0.40219.1
Project("{FAE04EC0-301F-11D3-BF4B-00C04F79EFBC}") = "Quotes_MVC", "Quotes_MVC\Quotes_MVC.csproj", "{6C981212-13C2-4723-86EF-B8F19EE668BC}"
EndProject
Global
	GlobalSection(SolutionConfigurationPlatforms) = preSolution
		Debug|Any CPU = Debug|Any CPU
		Release|Any CPU = Release|Any CPU
	EndGlobalSection
	GlobalSection(ProjectConfigurationPlatforms) = postSolution
		{6C981212-13C2-4723-86EF-B8F19EE668BC}.Debug|Any CPU.ActiveCfg = Debug|Any CPU
		{6C981212-13C2-4723-86EF-B8F19EE668BC}.Debug|Any CPU.Build.0 = Debug|Any CPU
		{6C981212-13C2-4723-86EF-B8F19EE668BC}.Release|Any CPU.ActiveCfg = Release|Any CPU
		{6C981212-13C2-4723-86EF-B8F19EE668BC}.Release|Any CPU.Build.0 = Release|Any CPU
	EndGlobalSection
	GlobalSection(SolutionProperties) = preSolution
		HideSolutionNode = FALSE
	EndGlobalSection
	GlobalSection(ExtensibilityGlobals) = postSolution
		SolutionGuid = {59400B4E-BECB-44DA-955C-F399619A1D3A}
	EndGlobalSection
EndGlobal
